PODS:
  - Agrume (3.0.0)
  - Alamofire (4.0.0)
  - ObjectMapper (2.0.0)
  - Realm (1.0.2):
    - Realm/Headers (= 1.0.2)
  - Realm/Headers (1.0.2)
  - RealmSwift (1.0.2):
    - Realm (= 1.0.2)

DEPENDENCIES:
  - Agrume (from `https://github.com/JanGorman/Agrume.git`)
  - Alamofire (~> 4.0)
  - ObjectMapper (~> 2.0)
  - Realm (from `https://github.com/realm/realm-cocoa.git`, branch `master`)
  - RealmSwift (from `https://github.com/realm/realm-cocoa.git`, branch `master`)

EXTERNAL SOURCES:
  Agrume:
    :git: https://github.com/JanGorman/Agrume.git
  Realm:
    :branch: master
    :git: https://github.com/realm/realm-cocoa.git
    :submodules: true
  RealmSwift:
    :branch: master
    :git: https://github.com/realm/realm-cocoa.git
    :submodules: true

CHECKOUT OPTIONS:
  Agrume:
    :commit: 365b93963efa1a71bbc7666343cf0f95be28ca86
    :git: https://github.com/JanGorman/Agrume.git
  Realm:
    :commit: 103d4c86cc2aa0d3fd2a3b4156dbd65e410ff25e
    :git: https://github.com/realm/realm-cocoa.git
    :submodules: true
  RealmSwift:
    :commit: 103d4c86cc2aa0d3fd2a3b4156dbd65e410ff25e
    :git: https://github.com/realm/realm-cocoa.git
    :submodules: true

SPEC CHECKSUMS:
  Agrume: 3e941467d6437673bef7e1ec7e288f745c0cd037
  Alamofire: fef59f00388f267e52d9b432aa5d93dc97190f14
  ObjectMapper: aed2570edabbd3c9b26c939e1cabdb6558f933e0
  Realm: 2948cfa3a05b7acc446abc4c124d443df646c8de
  RealmSwift: 4816c8608630a9a00bba6d726bb30b4bab6dd6bf

PODFILE CHECKSUM: f35cf1daa61ac7f7592c060df5faa34c986b8df0

COCOAPODS: 1.1.0.rc.2
