// !$*UTF8*$!
{
	archiveVersion = 1;
	classes = {
	};
	objectVersion = 46;
	objects = {

/* Begin PBXBuildFile section */
		1E0B5DE61BE2AA5F00766347 /* AppDelegate.swift in Sources */ = {isa = PBXBuildFile; fileRef = 1E0B5DE51BE2AA5F00766347 /* AppDelegate.swift */; };
		1E0B5DE81BE2AA5F00766347 /* BoardsViewController.swift in Sources */ = {isa = PBXBuildFile; fileRef = 1E0B5DE71BE2AA5F00766347 /* BoardsViewController.swift */; };
		1E0B5DEB1BE2AA5F00766347 /* Main.storyboard in Resources */ = {isa = PBXBuildFile; fileRef = 1E0B5DE91BE2AA5F00766347 /* Main.storyboard */; };
		1E0B5DEE1BE2AA5F00766347 /* nelikko.xcdatamodeld in Sources */ = {isa = PBXBuildFile; fileRef = 1E0B5DEC1BE2AA5F00766347 /* nelikko.xcdatamodeld */; };
		1E0B5DF01BE2AA5F00766347 /* Assets.xcassets in Resources */ = {isa = PBXBuildFile; fileRef = 1E0B5DEF1BE2AA5F00766347 /* Assets.xcassets */; };
		1E0B5DF31BE2AA5F00766347 /* LaunchScreen.storyboard in Resources */ = {isa = PBXBuildFile; fileRef = 1E0B5DF11BE2AA5F00766347 /* LaunchScreen.storyboard */; };
		1E0B5DFE1BE2AA5F00766347 /* nelikkoTests.swift in Sources */ = {isa = PBXBuildFile; fileRef = 1E0B5DFD1BE2AA5F00766347 /* nelikkoTests.swift */; };
		1E0B5E091BE2AA5F00766347 /* nelikkoUITests.swift in Sources */ = {isa = PBXBuildFile; fileRef = 1E0B5E081BE2AA5F00766347 /* nelikkoUITests.swift */; };
		1E0B5E171BE2E65B00766347 /* CoreDataHelper.swift in Sources */ = {isa = PBXBuildFile; fileRef = 1E0B5E161BE2E65B00766347 /* CoreDataHelper.swift */; };
		1E0B5E181BE2E65B00766347 /* CoreDataHelper.swift in Sources */ = {isa = PBXBuildFile; fileRef = 1E0B5E161BE2E65B00766347 /* CoreDataHelper.swift */; };
		1E0B5E191BE2E65B00766347 /* CoreDataHelper.swift in Sources */ = {isa = PBXBuildFile; fileRef = 1E0B5E161BE2E65B00766347 /* CoreDataHelper.swift */; };
		1E0B5E1B1BE558F100766347 /* CoreDataStore.swift in Sources */ = {isa = PBXBuildFile; fileRef = 1E0B5E1A1BE558F100766347 /* CoreDataStore.swift */; };
		1E0B5E1C1BE558F100766347 /* CoreDataStore.swift in Sources */ = {isa = PBXBuildFile; fileRef = 1E0B5E1A1BE558F100766347 /* CoreDataStore.swift */; };
		1E0B5E1D1BE558F100766347 /* CoreDataStore.swift in Sources */ = {isa = PBXBuildFile; fileRef = 1E0B5E1A1BE558F100766347 /* CoreDataStore.swift */; };
		1ED8D9661BE56A4300BA08AE /* Board.swift in Sources */ = {isa = PBXBuildFile; fileRef = 1ED8D9631BE56A4300BA08AE /* Board.swift */; };
		1ED8D9671BE56A4300BA08AE /* Post.swift in Sources */ = {isa = PBXBuildFile; fileRef = 1ED8D9641BE56A4300BA08AE /* Post.swift */; };
		1ED8D9681BE56A4300BA08AE /* Thread.swift in Sources */ = {isa = PBXBuildFile; fileRef = 1ED8D9651BE56A4300BA08AE /* Thread.swift */; };
		4799C8A9F2C1646AF4555C48 /* Pods.framework in Frameworks */ = {isa = PBXBuildFile; fileRef = E185310BE05402A9E08FCA1F /* Pods.framework */; };
/* End PBXBuildFile section */

/* Begin PBXContainerItemProxy section */
		1E0B5DFA1BE2AA5F00766347 /* PBXContainerItemProxy */ = {
			isa = PBXContainerItemProxy;
			containerPortal = 1E0B5DDA1BE2AA5F00766347 /* Project object */;
			proxyType = 1;
			remoteGlobalIDString = 1E0B5DE11BE2AA5F00766347;
			remoteInfo = nelikko;
		};
		1E0B5E051BE2AA5F00766347 /* PBXContainerItemProxy */ = {
			isa = PBXContainerItemProxy;
			containerPortal = 1E0B5DDA1BE2AA5F00766347 /* Project object */;
			proxyType = 1;
			remoteGlobalIDString = 1E0B5DE11BE2AA5F00766347;
			remoteInfo = nelikko;
		};
/* End PBXContainerItemProxy section */

/* Begin PBXFileReference section */
		1E0B5DE21BE2AA5F00766347 /* nelikko.app */ = {isa = PBXFileReference; explicitFileType = wrapper.application; includeInIndex = 0; path = nelikko.app; sourceTree = BUILT_PRODUCTS_DIR; };
		1E0B5DE51BE2AA5F00766347 /* AppDelegate.swift */ = {isa = PBXFileReference; lastKnownFileType = sourcecode.swift; path = AppDelegate.swift; sourceTree = "<group>"; };
		1E0B5DE71BE2AA5F00766347 /* BoardsViewController.swift */ = {isa = PBXFileReference; lastKnownFileType = sourcecode.swift; path = BoardsViewController.swift; sourceTree = "<group>"; };
		1E0B5DEA1BE2AA5F00766347 /* Base */ = {isa = PBXFileReference; lastKnownFileType = file.storyboard; name = Base; path = Base.lproj/Main.storyboard; sourceTree = "<group>"; };
		1E0B5DED1BE2AA5F00766347 /* nelikko.xcdatamodel */ = {isa = PBXFileReference; lastKnownFileType = wrapper.xcdatamodel; path = nelikko.xcdatamodel; sourceTree = "<group>"; };
		1E0B5DEF1BE2AA5F00766347 /* Assets.xcassets */ = {isa = PBXFileReference; lastKnownFileType = folder.assetcatalog; path = Assets.xcassets; sourceTree = "<group>"; };
		1E0B5DF21BE2AA5F00766347 /* Base */ = {isa = PBXFileReference; lastKnownFileType = file.storyboard; name = Base; path = Base.lproj/LaunchScreen.storyboard; sourceTree = "<group>"; };
		1E0B5DF41BE2AA5F00766347 /* Info.plist */ = {isa = PBXFileReference; lastKnownFileType = text.plist.xml; path = Info.plist; sourceTree = "<group>"; };
		1E0B5DF91BE2AA5F00766347 /* nelikkoTests.xctest */ = {isa = PBXFileReference; explicitFileType = wrapper.cfbundle; includeInIndex = 0; path = nelikkoTests.xctest; sourceTree = BUILT_PRODUCTS_DIR; };
		1E0B5DFD1BE2AA5F00766347 /* nelikkoTests.swift */ = {isa = PBXFileReference; lastKnownFileType = sourcecode.swift; path = nelikkoTests.swift; sourceTree = "<group>"; };
		1E0B5DFF1BE2AA5F00766347 /* Info.plist */ = {isa = PBXFileReference; lastKnownFileType = text.plist.xml; path = Info.plist; sourceTree = "<group>"; };
		1E0B5E041BE2AA5F00766347 /* nelikkoUITests.xctest */ = {isa = PBXFileReference; explicitFileType = wrapper.cfbundle; includeInIndex = 0; path = nelikkoUITests.xctest; sourceTree = BUILT_PRODUCTS_DIR; };
		1E0B5E081BE2AA5F00766347 /* nelikkoUITests.swift */ = {isa = PBXFileReference; lastKnownFileType = sourcecode.swift; path = nelikkoUITests.swift; sourceTree = "<group>"; };
		1E0B5E0A1BE2AA5F00766347 /* Info.plist */ = {isa = PBXFileReference; lastKnownFileType = text.plist.xml; path = Info.plist; sourceTree = "<group>"; };
		1E0B5E161BE2E65B00766347 /* CoreDataHelper.swift */ = {isa = PBXFileReference; fileEncoding = 4; lastKnownFileType = sourcecode.swift; path = CoreDataHelper.swift; sourceTree = "<group>"; };
		1E0B5E1A1BE558F100766347 /* CoreDataStore.swift */ = {isa = PBXFileReference; fileEncoding = 4; lastKnownFileType = sourcecode.swift; path = CoreDataStore.swift; sourceTree = "<group>"; };
		1ED8D9631BE56A4300BA08AE /* Board.swift */ = {isa = PBXFileReference; fileEncoding = 4; lastKnownFileType = sourcecode.swift; name = Board.swift; path = Models/Board.swift; sourceTree = "<group>"; };
		1ED8D9641BE56A4300BA08AE /* Post.swift */ = {isa = PBXFileReference; fileEncoding = 4; lastKnownFileType = sourcecode.swift; name = Post.swift; path = Models/Post.swift; sourceTree = "<group>"; };
		1ED8D9651BE56A4300BA08AE /* Thread.swift */ = {isa = PBXFileReference; fileEncoding = 4; lastKnownFileType = sourcecode.swift; name = Thread.swift; path = Models/Thread.swift; sourceTree = "<group>"; };
		1ED8D9691BE56DF700BA08AE /* nelikko-Bridging-Header.h */ = {isa = PBXFileReference; lastKnownFileType = sourcecode.c.h; path = "nelikko-Bridging-Header.h"; sourceTree = "<group>"; };
		5254590B060E4D33A9CE8DEE /* Pods.release.xcconfig */ = {isa = PBXFileReference; includeInIndex = 1; lastKnownFileType = text.xcconfig; name = Pods.release.xcconfig; path = "Pods/Target Support Files/Pods/Pods.release.xcconfig"; sourceTree = "<group>"; };
		D7CDE3450E1F333DE83E2022 /* Pods.debug.xcconfig */ = {isa = PBXFileReference; includeInIndex = 1; lastKnownFileType = text.xcconfig; name = Pods.debug.xcconfig; path = "Pods/Target Support Files/Pods/Pods.debug.xcconfig"; sourceTree = "<group>"; };
		E185310BE05402A9E08FCA1F /* Pods.framework */ = {isa = PBXFileReference; explicitFileType = wrapper.framework; includeInIndex = 0; path = Pods.framework; sourceTree = BUILT_PRODUCTS_DIR; };
/* End PBXFileReference section */

/* Begin PBXFrameworksBuildPhase section */
		1E0B5DDF1BE2AA5F00766347 /* Frameworks */ = {
			isa = PBXFrameworksBuildPhase;
			buildActionMask = 2147483647;
			files = (
				4799C8A9F2C1646AF4555C48 /* Pods.framework in Frameworks */,
			);
			runOnlyForDeploymentPostprocessing = 0;
		};
		1E0B5DF61BE2AA5F00766347 /* Frameworks */ = {
			isa = PBXFrameworksBuildPhase;
			buildActionMask = 2147483647;
			files = (
			);
			runOnlyForDeploymentPostprocessing = 0;
		};
		1E0B5E011BE2AA5F00766347 /* Frameworks */ = {
			isa = PBXFrameworksBuildPhase;
			buildActionMask = 2147483647;
			files = (
			);
			runOnlyForDeploymentPostprocessing = 0;
		};
/* End PBXFrameworksBuildPhase section */

/* Begin PBXGroup section */
		1E0B5DD91BE2AA5F00766347 = {
			isa = PBXGroup;
			children = (
				1E0B5DE41BE2AA5F00766347 /* nelikko */,
				1E0B5DFC1BE2AA5F00766347 /* nelikkoTests */,
				1E0B5E071BE2AA5F00766347 /* nelikkoUITests */,
				1E0B5DE31BE2AA5F00766347 /* Products */,
				B7F7CE6CB6BE2B8E5ED19BB7 /* Pods */,
				21DF5C572620ABB0E2AB3966 /* Frameworks */,
			);
			sourceTree = "<group>";
		};
		1E0B5DE31BE2AA5F00766347 /* Products */ = {
			isa = PBXGroup;
			children = (
				1E0B5DE21BE2AA5F00766347 /* nelikko.app */,
				1E0B5DF91BE2AA5F00766347 /* nelikkoTests.xctest */,
				1E0B5E041BE2AA5F00766347 /* nelikkoUITests.xctest */,
			);
			name = Products;
			sourceTree = "<group>";
		};
		1E0B5DE41BE2AA5F00766347 /* nelikko */ = {
			isa = PBXGroup;
			children = (
				1ED8D9621BE56A3500BA08AE /* Models */,
				1E0B5DE51BE2AA5F00766347 /* AppDelegate.swift */,
				1E0B5DE71BE2AA5F00766347 /* BoardsViewController.swift */,
				1E0B5E161BE2E65B00766347 /* CoreDataHelper.swift */,
				1E0B5E1A1BE558F100766347 /* CoreDataStore.swift */,
				1E0B5DE91BE2AA5F00766347 /* Main.storyboard */,
				1E0B5DEF1BE2AA5F00766347 /* Assets.xcassets */,
				1E0B5DF11BE2AA5F00766347 /* LaunchScreen.storyboard */,
				1E0B5DF41BE2AA5F00766347 /* Info.plist */,
				1E0B5DEC1BE2AA5F00766347 /* nelikko.xcdatamodeld */,
			);
			path = nelikko;
			sourceTree = "<group>";
		};
		1E0B5DFC1BE2AA5F00766347 /* nelikkoTests */ = {
			isa = PBXGroup;
			children = (
				1E0B5DFD1BE2AA5F00766347 /* nelikkoTests.swift */,
				1E0B5DFF1BE2AA5F00766347 /* Info.plist */,
			);
			path = nelikkoTests;
			sourceTree = "<group>";
		};
		1E0B5E071BE2AA5F00766347 /* nelikkoUITests */ = {
			isa = PBXGroup;
			children = (
				1E0B5E081BE2AA5F00766347 /* nelikkoUITests.swift */,
				1E0B5E0A1BE2AA5F00766347 /* Info.plist */,
			);
			path = nelikkoUITests;
			sourceTree = "<group>";
		};
		1ED8D9621BE56A3500BA08AE /* Models */ = {
			isa = PBXGroup;
			children = (
				1ED8D9691BE56DF700BA08AE /* nelikko-Bridging-Header.h */,
				1ED8D9631BE56A4300BA08AE /* Board.swift */,
				1ED8D9641BE56A4300BA08AE /* Post.swift */,
				1ED8D9651BE56A4300BA08AE /* Thread.swift */,
			);
			name = Models;
			sourceTree = "<group>";
		};
		21DF5C572620ABB0E2AB3966 /* Frameworks */ = {
			isa = PBXGroup;
			children = (
				E185310BE05402A9E08FCA1F /* Pods.framework */,
			);
			name = Frameworks;
			sourceTree = "<group>";
		};
		B7F7CE6CB6BE2B8E5ED19BB7 /* Pods */ = {
			isa = PBXGroup;
			children = (
				D7CDE3450E1F333DE83E2022 /* Pods.debug.xcconfig */,
				5254590B060E4D33A9CE8DEE /* Pods.release.xcconfig */,
			);
			name = Pods;
			sourceTree = "<group>";
		};
/* End PBXGroup section */

/* Begin PBXNativeTarget section */
		1E0B5DE11BE2AA5F00766347 /* nelikko */ = {
			isa = PBXNativeTarget;
			buildConfigurationList = 1E0B5E0D1BE2AA5F00766347 /* Build configuration list for PBXNativeTarget "nelikko" */;
			buildPhases = (
				D92B5F4AEC326640A89962C3 /* Check Pods Manifest.lock */,
				1E0B5DDE1BE2AA5F00766347 /* Sources */,
				1E0B5DDF1BE2AA5F00766347 /* Frameworks */,
				1E0B5DE01BE2AA5F00766347 /* Resources */,
				DE583892638ABA2B07AA169C /* Embed Pods Frameworks */,
				857B683B80906820AEEEEB4D /* Copy Pods Resources */,
			);
			buildRules = (
			);
			dependencies = (
			);
			name = nelikko;
			productName = nelikko;
			productReference = 1E0B5DE21BE2AA5F00766347 /* nelikko.app */;
			productType = "com.apple.product-type.application";
		};
		1E0B5DF81BE2AA5F00766347 /* nelikkoTests */ = {
			isa = PBXNativeTarget;
			buildConfigurationList = 1E0B5E101BE2AA5F00766347 /* Build configuration list for PBXNativeTarget "nelikkoTests" */;
			buildPhases = (
				1E0B5DF51BE2AA5F00766347 /* Sources */,
				1E0B5DF61BE2AA5F00766347 /* Frameworks */,
				1E0B5DF71BE2AA5F00766347 /* Resources */,
			);
			buildRules = (
			);
			dependencies = (
				1E0B5DFB1BE2AA5F00766347 /* PBXTargetDependency */,
			);
			name = nelikkoTests;
			productName = nelikkoTests;
			productReference = 1E0B5DF91BE2AA5F00766347 /* nelikkoTests.xctest */;
			productType = "com.apple.product-type.bundle.unit-test";
		};
		1E0B5E031BE2AA5F00766347 /* nelikkoUITests */ = {
			isa = PBXNativeTarget;
			buildConfigurationList = 1E0B5E131BE2AA5F00766347 /* Build configuration list for PBXNativeTarget "nelikkoUITests" */;
			buildPhases = (
				1E0B5E001BE2AA5F00766347 /* Sources */,
				1E0B5E011BE2AA5F00766347 /* Frameworks */,
				1E0B5E021BE2AA5F00766347 /* Resources */,
			);
			buildRules = (
			);
			dependencies = (
				1E0B5E061BE2AA5F00766347 /* PBXTargetDependency */,
			);
			name = nelikkoUITests;
			productName = nelikkoUITests;
			productReference = 1E0B5E041BE2AA5F00766347 /* nelikkoUITests.xctest */;
			productType = "com.apple.product-type.bundle.ui-testing";
		};
/* End PBXNativeTarget section */

/* Begin PBXProject section */
		1E0B5DDA1BE2AA5F00766347 /* Project object */ = {
			isa = PBXProject;
			attributes = {
				LastSwiftUpdateCheck = 0710;
				LastUpgradeCheck = 0710;
				ORGANIZATIONNAME = TeamWew;
				TargetAttributes = {
					1E0B5DE11BE2AA5F00766347 = {
						CreatedOnToolsVersion = 7.1;
					};
					1E0B5DF81BE2AA5F00766347 = {
						CreatedOnToolsVersion = 7.1;
						DevelopmentTeam = 2C4ZFY3TUT;
						TestTargetID = 1E0B5DE11BE2AA5F00766347;
					};
					1E0B5E031BE2AA5F00766347 = {
						CreatedOnToolsVersion = 7.1;
						DevelopmentTeam = 2C4ZFY3TUT;
						TestTargetID = 1E0B5DE11BE2AA5F00766347;
					};
				};
			};
			buildConfigurationList = 1E0B5DDD1BE2AA5F00766347 /* Build configuration list for PBXProject "nelikko" */;
			compatibilityVersion = "Xcode 3.2";
			developmentRegion = English;
			hasScannedForEncodings = 0;
			knownRegions = (
				en,
				Base,
			);
			mainGroup = 1E0B5DD91BE2AA5F00766347;
			productRefGroup = 1E0B5DE31BE2AA5F00766347 /* Products */;
			projectDirPath = "";
			projectRoot = "";
			targets = (
				1E0B5DE11BE2AA5F00766347 /* nelikko */,
				1E0B5DF81BE2AA5F00766347 /* nelikkoTests */,
				1E0B5E031BE2AA5F00766347 /* nelikkoUITests */,
			);
		};
/* End PBXProject section */

/* Begin PBXResourcesBuildPhase section */
		1E0B5DE01BE2AA5F00766347 /* Resources */ = {
			isa = PBXResourcesBuildPhase;
			buildActionMask = 2147483647;
			files = (
				1E0B5DF31BE2AA5F00766347 /* LaunchScreen.storyboard in Resources */,
				1E0B5DF01BE2AA5F00766347 /* Assets.xcassets in Resources */,
				1E0B5DEB1BE2AA5F00766347 /* Main.storyboard in Resources */,
			);
			runOnlyForDeploymentPostprocessing = 0;
		};
		1E0B5DF71BE2AA5F00766347 /* Resources */ = {
			isa = PBXResourcesBuildPhase;
			buildActionMask = 2147483647;
			files = (
			);
			runOnlyForDeploymentPostprocessing = 0;
		};
		1E0B5E021BE2AA5F00766347 /* Resources */ = {
			isa = PBXResourcesBuildPhase;
			buildActionMask = 2147483647;
			files = (
			);
			runOnlyForDeploymentPostprocessing = 0;
		};
/* End PBXResourcesBuildPhase section */

/* Begin PBXShellScriptBuildPhase section */
		857B683B80906820AEEEEB4D /* Copy Pods Resources */ = {
			isa = PBXShellScriptBuildPhase;
			buildActionMask = 2147483647;
			files = (
			);
			inputPaths = (
			);
			name = "Copy Pods Resources";
			outputPaths = (
			);
			runOnlyForDeploymentPostprocessing = 0;
			shellPath = /bin/sh;
			shellScript = "\"${SRCROOT}/Pods/Target Support Files/Pods/Pods-resources.sh\"\n";
			showEnvVarsInLog = 0;
		};
		D92B5F4AEC326640A89962C3 /* Check Pods Manifest.lock */ = {
			isa = PBXShellScriptBuildPhase;
			buildActionMask = 2147483647;
			files = (
			);
			inputPaths = (
			);
			name = "Check Pods Manifest.lock";
			outputPaths = (
			);
			runOnlyForDeploymentPostprocessing = 0;
			shellPath = /bin/sh;
			shellScript = "diff \"${PODS_ROOT}/../Podfile.lock\" \"${PODS_ROOT}/Manifest.lock\" > /dev/null\nif [[ $? != 0 ]] ; then\n    cat << EOM\nerror: The sandbox is not in sync with the Podfile.lock. Run 'pod install' or update your CocoaPods installation.\nEOM\n    exit 1\nfi\n";
			showEnvVarsInLog = 0;
		};
		DE583892638ABA2B07AA169C /* Embed Pods Frameworks */ = {
			isa = PBXShellScriptBuildPhase;
			buildActionMask = 2147483647;
			files = (
			);
			inputPaths = (
			);
			name = "Embed Pods Frameworks";
			outputPaths = (
			);
			runOnlyForDeploymentPostprocessing = 0;
			shellPath = /bin/sh;
			shellScript = "\"${SRCROOT}/Pods/Target Support Files/Pods/Pods-frameworks.sh\"\n";
			showEnvVarsInLog = 0;
		};
/* End PBXShellScriptBuildPhase section */

/* Begin PBXSourcesBuildPhase section */
		1E0B5DDE1BE2AA5F00766347 /* Sources */ = {
			isa = PBXSourcesBuildPhase;
			buildActionMask = 2147483647;
			files = (
				1E0B5DEE1BE2AA5F00766347 /* nelikko.xcdatamodeld in Sources */,
				1E0B5E171BE2E65B00766347 /* CoreDataHelper.swift in Sources */,
				1ED8D9661BE56A4300BA08AE /* Board.swift in Sources */,
				1E0B5DE81BE2AA5F00766347 /* BoardsViewController.swift in Sources */,
				1E0B5DE61BE2AA5F00766347 /* AppDelegate.swift in Sources */,
				1ED8D9671BE56A4300BA08AE /* Post.swift in Sources */,
				1E0B5E1B1BE558F100766347 /* CoreDataStore.swift in Sources */,
				1ED8D9681BE56A4300BA08AE /* Thread.swift in Sources */,
			);
			runOnlyForDeploymentPostprocessing = 0;
		};
		1E0B5DF51BE2AA5F00766347 /* Sources */ = {
			isa = PBXSourcesBuildPhase;
			buildActionMask = 2147483647;
			files = (
				1E0B5E1C1BE558F100766347 /* CoreDataStore.swift in Sources */,
				1E0B5DFE1BE2AA5F00766347 /* nelikkoTests.swift in Sources */,
				1E0B5E181BE2E65B00766347 /* CoreDataHelper.swift in Sources */,
			);
			runOnlyForDeploymentPostprocessing = 0;
		};
		1E0B5E001BE2AA5F00766347 /* Sources */ = {
			isa = PBXSourcesBuildPhase;
			buildActionMask = 2147483647;
			files = (
				1E0B5E1D1BE558F100766347 /* CoreDataStore.swift in Sources */,
				1E0B5E091BE2AA5F00766347 /* nelikkoUITests.swift in Sources */,
				1E0B5E191BE2E65B00766347 /* CoreDataHelper.swift in Sources */,
			);
			runOnlyForDeploymentPostprocessing = 0;
		};
/* End PBXSourcesBuildPhase section */

/* Begin PBXTargetDependency section */
		1E0B5DFB1BE2AA5F00766347 /* PBXTargetDependency */ = {
			isa = PBXTargetDependency;
			target = 1E0B5DE11BE2AA5F00766347 /* nelikko */;
			targetProxy = 1E0B5DFA1BE2AA5F00766347 /* PBXContainerItemProxy */;
		};
		1E0B5E061BE2AA5F00766347 /* PBXTargetDependency */ = {
			isa = PBXTargetDependency;
			target = 1E0B5DE11BE2AA5F00766347 /* nelikko */;
			targetProxy = 1E0B5E051BE2AA5F00766347 /* PBXContainerItemProxy */;
		};
/* End PBXTargetDependency section */

/* Begin PBXVariantGroup section */
		1E0B5DE91BE2AA5F00766347 /* Main.storyboard */ = {
			isa = PBXVariantGroup;
			children = (
				1E0B5DEA1BE2AA5F00766347 /* Base */,
			);
			name = Main.storyboard;
			sourceTree = "<group>";
		};
		1E0B5DF11BE2AA5F00766347 /* LaunchScreen.storyboard */ = {
			isa = PBXVariantGroup;
			children = (
				1E0B5DF21BE2AA5F00766347 /* Base */,
			);
			name = LaunchScreen.storyboard;
			sourceTree = "<group>";
		};
/* End PBXVariantGroup section */

/* Begin XCBuildConfiguration section */
		1E0B5E0B1BE2AA5F00766347 /* Debug */ = {
			isa = XCBuildConfiguration;
			buildSettings = {
				ALWAYS_SEARCH_USER_PATHS = NO;
				CLANG_CXX_LANGUAGE_STANDARD = "gnu++0x";
				CLANG_CXX_LIBRARY = "libc++";
				CLANG_ENABLE_MODULES = YES;
				CLANG_ENABLE_OBJC_ARC = YES;
				CLANG_WARN_BOOL_CONVERSION = YES;
				CLANG_WARN_CONSTANT_CONVERSION = YES;
				CLANG_WARN_DIRECT_OBJC_ISA_USAGE = YES_ERROR;
				CLANG_WARN_EMPTY_BODY = YES;
				CLANG_WARN_ENUM_CONVERSION = YES;
				CLANG_WARN_INT_CONVERSION = YES;
				CLANG_WARN_OBJC_ROOT_CLASS = YES_ERROR;
				CLANG_WARN_UNREACHABLE_CODE = YES;
				CLANG_WARN__DUPLICATE_METHOD_MATCH = YES;
				"CODE_SIGN_IDENTITY[sdk=iphoneos*]" = "iPhone Developer";
				COPY_PHASE_STRIP = NO;
				DEBUG_INFORMATION_FORMAT = dwarf;
				ENABLE_STRICT_OBJC_MSGSEND = YES;
				ENABLE_TESTABILITY = YES;
				GCC_C_LANGUAGE_STANDARD = gnu99;
				GCC_DYNAMIC_NO_PIC = NO;
				GCC_NO_COMMON_BLOCKS = YES;
				GCC_OPTIMIZATION_LEVEL = 0;
				GCC_PREPROCESSOR_DEFINITIONS = (
					"DEBUG=1",
					"$(inherited)",
				);
				GCC_WARN_64_TO_32_BIT_CONVERSION = YES;
				GCC_WARN_ABOUT_RETURN_TYPE = YES_ERROR;
				GCC_WARN_UNDECLARED_SELECTOR = YES;
				GCC_WARN_UNINITIALIZED_AUTOS = YES_AGGRESSIVE;
				GCC_WARN_UNUSED_FUNCTION = YES;
				GCC_WARN_UNUSED_VARIABLE = YES;
				IPHONEOS_DEPLOYMENT_TARGET = 9.1;
				MTL_ENABLE_DEBUG_INFO = YES;
				ONLY_ACTIVE_ARCH = YES;
				SDKROOT = iphoneos;
				SWIFT_OPTIMIZATION_LEVEL = "-Onone";
				TARGETED_DEVICE_FAMILY = "1,2";
			};
			name = Debug;
		};
		1E0B5E0C1BE2AA5F00766347 /* Release */ = {
			isa = XCBuildConfiguration;
			buildSettings = {
				ALWAYS_SEARCH_USER_PATHS = NO;
				CLANG_CXX_LANGUAGE_STANDARD = "gnu++0x";
				CLANG_CXX_LIBRARY = "libc++";
				CLANG_ENABLE_MODULES = YES;
				CLANG_ENABLE_OBJC_ARC = YES;
				CLANG_WARN_BOOL_CONVERSION = YES;
				CLANG_WARN_CONSTANT_CONVERSION = YES;
				CLANG_WARN_DIRECT_OBJC_ISA_USAGE = YES_ERROR;
				CLANG_WARN_EMPTY_BODY = YES;
				CLANG_WARN_ENUM_CONVERSION = YES;
				CLANG_WARN_INT_CONVERSION = YES;
				CLANG_WARN_OBJC_ROOT_CLASS = YES_ERROR;
				CLANG_WARN_UNREACHABLE_CODE = YES;
				CLANG_WARN__DUPLICATE_METHOD_MATCH = YES;
				"CODE_SIGN_IDENTITY[sdk=iphoneos*]" = "iPhone Developer";
				COPY_PHASE_STRIP = NO;
				DEBUG_INFORMATION_FORMAT = "dwarf-with-dsym";
				ENABLE_NS_ASSERTIONS = NO;
				ENABLE_STRICT_OBJC_MSGSEND = YES;
				GCC_C_LANGUAGE_STANDARD = gnu99;
				GCC_NO_COMMON_BLOCKS = YES;
				GCC_WARN_64_TO_32_BIT_CONVERSION = YES;
				GCC_WARN_ABOUT_RETURN_TYPE = YES_ERROR;
				GCC_WARN_UNDECLARED_SELECTOR = YES;
				GCC_WARN_UNINITIALIZED_AUTOS = YES_AGGRESSIVE;
				GCC_WARN_UNUSED_FUNCTION = YES;
				GCC_WARN_UNUSED_VARIABLE = YES;
				IPHONEOS_DEPLOYMENT_TARGET = 9.1;
				MTL_ENABLE_DEBUG_INFO = NO;
				SDKROOT = iphoneos;
				TARGETED_DEVICE_FAMILY = "1,2";
				VALIDATE_PRODUCT = YES;
			};
			name = Release;
		};
		1E0B5E0E1BE2AA5F00766347 /* Debug */ = {
			isa = XCBuildConfiguration;
			baseConfigurationReference = D7CDE3450E1F333DE83E2022 /* Pods.debug.xcconfig */;
			buildSettings = {
				ASSETCATALOG_COMPILER_APPICON_NAME = AppIcon;
				CODE_SIGN_IDENTITY = "iPhone Developer";
				DEFINES_MODULE = YES;
				INFOPLIST_FILE = nelikko/Info.plist;
				LD_RUNPATH_SEARCH_PATHS = "$(inherited) @executable_path/Frameworks";
				PRODUCT_BUNDLE_IDENTIFIER = com.teamwew.nelikko;
				PRODUCT_NAME = "$(TARGET_NAME)";
				SWIFT_OBJC_BRIDGING_HEADER = "nelikko-Bridging-Header.h";
			};
			name = Debug;
		};
		1E0B5E0F1BE2AA5F00766347 /* Release */ = {
			isa = XCBuildConfiguration;
			baseConfigurationReference = 5254590B060E4D33A9CE8DEE /* Pods.release.xcconfig */;
			buildSettings = {
				ASSETCATALOG_COMPILER_APPICON_NAME = AppIcon;
				CODE_SIGN_IDENTITY = "iPhone Developer";
				DEFINES_MODULE = YES;
				INFOPLIST_FILE = nelikko/Info.plist;
				LD_RUNPATH_SEARCH_PATHS = "$(inherited) @executable_path/Frameworks";
				PRODUCT_BUNDLE_IDENTIFIER = com.teamwew.nelikko;
				PRODUCT_NAME = "$(TARGET_NAME)";
				SWIFT_OBJC_BRIDGING_HEADER = "nelikko-Bridging-Header.h";
			};
			name = Release;
		};
		1E0B5E111BE2AA5F00766347 /* Debug */ = {
			isa = XCBuildConfiguration;
			buildSettings = {
				BUNDLE_LOADER = "$(TEST_HOST)";
				INFOPLIST_FILE = nelikkoTests/Info.plist;
				LD_RUNPATH_SEARCH_PATHS = "$(inherited) @executable_path/Frameworks @loader_path/Frameworks";
				PRODUCT_BUNDLE_IDENTIFIER = com.teamwew.nelikkoTests;
				PRODUCT_NAME = "$(TARGET_NAME)";
				TEST_HOST = "$(BUILT_PRODUCTS_DIR)/nelikko.app/nelikko";
			};
			name = Debug;
		};
		1E0B5E121BE2AA5F00766347 /* Release */ = {
			isa = XCBuildConfiguration;
			buildSettings = {
				BUNDLE_LOADER = "$(TEST_HOST)";
				INFOPLIST_FILE = nelikkoTests/Info.plist;
				LD_RUNPATH_SEARCH_PATHS = "$(inherited) @executable_path/Frameworks @loader_path/Frameworks";
				PRODUCT_BUNDLE_IDENTIFIER = com.teamwew.nelikkoTests;
				PRODUCT_NAME = "$(TARGET_NAME)";
				TEST_HOST = "$(BUILT_PRODUCTS_DIR)/nelikko.app/nelikko";
			};
			name = Release;
		};
		1E0B5E141BE2AA5F00766347 /* Debug */ = {
			isa = XCBuildConfiguration;
			buildSettings = {
				INFOPLIST_FILE = nelikkoUITests/Info.plist;
				LD_RUNPATH_SEARCH_PATHS = "$(inherited) @executable_path/Frameworks @loader_path/Frameworks";
				PRODUCT_BUNDLE_IDENTIFIER = com.teamwew.nelikkoUITests;
				PRODUCT_NAME = "$(TARGET_NAME)";
				TEST_TARGET_NAME = nelikko;
				USES_XCTRUNNER = YES;
			};
			name = Debug;
		};
		1E0B5E151BE2AA5F00766347 /* Release */ = {
			isa = XCBuildConfiguration;
			buildSettings = {
				INFOPLIST_FILE = nelikkoUITests/Info.plist;
				LD_RUNPATH_SEARCH_PATHS = "$(inherited) @executable_path/Frameworks @loader_path/Frameworks";
				PRODUCT_BUNDLE_IDENTIFIER = com.teamwew.nelikkoUITests;
				PRODUCT_NAME = "$(TARGET_NAME)";
				TEST_TARGET_NAME = nelikko;
				USES_XCTRUNNER = YES;
			};
			name = Release;
		};
/* End XCBuildConfiguration section */

/* Begin XCConfigurationList section */
		1E0B5DDD1BE2AA5F00766347 /* Build configuration list for PBXProject "nelikko" */ = {
			isa = XCConfigurationList;
			buildConfigurations = (
				1E0B5E0B1BE2AA5F00766347 /* Debug */,
				1E0B5E0C1BE2AA5F00766347 /* Release */,
			);
			defaultConfigurationIsVisible = 0;
			defaultConfigurationName = Release;
		};
		1E0B5E0D1BE2AA5F00766347 /* Build configuration list for PBXNativeTarget "nelikko" */ = {
			isa = XCConfigurationList;
			buildConfigurations = (
				1E0B5E0E1BE2AA5F00766347 /* Debug */,
				1E0B5E0F1BE2AA5F00766347 /* Release */,
			);
			defaultConfigurationIsVisible = 0;
			defaultConfigurationName = Release;
		};
		1E0B5E101BE2AA5F00766347 /* Build configuration list for PBXNativeTarget "nelikkoTests" */ = {
			isa = XCConfigurationList;
			buildConfigurations = (
				1E0B5E111BE2AA5F00766347 /* Debug */,
				1E0B5E121BE2AA5F00766347 /* Release */,
			);
			defaultConfigurationIsVisible = 0;
			defaultConfigurationName = Release;
		};
		1E0B5E131BE2AA5F00766347 /* Build configuration list for PBXNativeTarget "nelikkoUITests" */ = {
			isa = XCConfigurationList;
			buildConfigurations = (
				1E0B5E141BE2AA5F00766347 /* Debug */,
				1E0B5E151BE2AA5F00766347 /* Release */,
			);
			defaultConfigurationIsVisible = 0;
			defaultConfigurationName = Release;
		};
/* End XCConfigurationList section */

/* Begin XCVersionGroup section */
		1E0B5DEC1BE2AA5F00766347 /* nelikko.xcdatamodeld */ = {
			isa = XCVersionGroup;
			children = (
				1E0B5DED1BE2AA5F00766347 /* nelikko.xcdatamodel */,
			);
			currentVersion = 1E0B5DED1BE2AA5F00766347 /* nelikko.xcdatamodel */;
			path = nelikko.xcdatamodeld;
			sourceTree = "<group>";
			versionGroupType = wrapper.xcdatamodel;
		};
/* End XCVersionGroup section */
	};
	rootObject = 1E0B5DDA1BE2AA5F00766347 /* Project object */;
}
